// !$*UTF8*$!
{
	archiveVersion = 1;
	classes = {
	};
	objectVersion = 46;
	objects = {

/* Begin PBXBuildFile section */
		F074D2DB1AE4E69E0092D962 /* AppDelegate.m in Sources */ = {isa = PBXBuildFile; fileRef = F074D2D11AE4E69E0092D962 /* AppDelegate.m */; };
		F074D2DC1AE4E69E0092D962 /* LaunchScreen.xib in Resources */ = {isa = PBXBuildFile; fileRef = F074D2D21AE4E69E0092D962 /* LaunchScreen.xib */; };
		F074D2DD1AE4E69E0092D962 /* Main.storyboard in Resources */ = {isa = PBXBuildFile; fileRef = F074D2D41AE4E69E0092D962 /* Main.storyboard */; };
		F074D2DE1AE4E69E0092D962 /* Images.xcassets in Resources */ = {isa = PBXBuildFile; fileRef = F074D2D61AE4E69E0092D962 /* Images.xcassets */; };
		F074D2E01AE4E69E0092D962 /* main.m in Sources */ = {isa = PBXBuildFile; fileRef = F074D2D81AE4E69E0092D962 /* main.m */; };
		F074D2E11AE4E69E0092D962 /* ViewController.m in Sources */ = {isa = PBXBuildFile; fileRef = F074D2DA1AE4E69E0092D962 /* ViewController.m */; };
		F0DB1ECB1AE5D1770079B81E /* Feedback.storyboard in Resources */ = {isa = PBXBuildFile; fileRef = F0DB1ECA1AE5D1770079B81E /* Feedback.storyboard */; };
		F0DB1ED01AE5D2550079B81E /* ESFeedbackViewController.m in Sources */ = {isa = PBXBuildFile; fileRef = F0DB1ECF1AE5D2550079B81E /* ESFeedbackViewController.m */; };
		F0DB1ED41AE5D46B0079B81E /* ESFeedbackPromptViewController.m in Sources */ = {isa = PBXBuildFile; fileRef = F0DB1ED31AE5D46B0079B81E /* ESFeedbackPromptViewController.m */; };
		F0DB1ED81AE5D6900079B81E /* ESFeedbackNavigationController.m in Sources */ = {isa = PBXBuildFile; fileRef = F0DB1ED71AE5D6900079B81E /* ESFeedbackNavigationController.m */; };
		F0DB1EDC1AE5D7EA0079B81E /* UIView+Blur.m in Sources */ = {isa = PBXBuildFile; fileRef = F0DB1EDB1AE5D7EA0079B81E /* UIView+Blur.m */; };
		F0DB1EE11AE5D82C0079B81E /* UIImageEffects.m in Sources */ = {isa = PBXBuildFile; fileRef = F0DB1EE01AE5D82C0079B81E /* UIImageEffects.m */; };
		F0DB1EE41AE5D9B20079B81E /* ESFeedbackViewController+Navigation.m in Sources */ = {isa = PBXBuildFile; fileRef = F0DB1EE31AE5D9B20079B81E /* ESFeedbackViewController+Navigation.m */; };
		F0DB1EE81AE5DB130079B81E /* ESFeedbackFinishViewController.m in Sources */ = {isa = PBXBuildFile; fileRef = F0DB1EE71AE5DB130079B81E /* ESFeedbackFinishViewController.m */; };
		F0DB1EEB1AE5DC2A0079B81E /* ESFeedbackViewController+Keyboard.m in Sources */ = {isa = PBXBuildFile; fileRef = F0DB1EEA1AE5DC2A0079B81E /* ESFeedbackViewController+Keyboard.m */; };
		F0DB1EEE1AE5DD090079B81E /* UIColor+Hex.m in Sources */ = {isa = PBXBuildFile; fileRef = F0DB1EED1AE5DD090079B81E /* UIColor+Hex.m */; };
/* End PBXBuildFile section */

/* Begin PBXFileReference section */
		F074D2A41AE4E42D0092D962 /* ESFeedbackViewController.app */ = {isa = PBXFileReference; explicitFileType = wrapper.application; includeInIndex = 0; path = ESFeedbackViewController.app; sourceTree = BUILT_PRODUCTS_DIR; };
		F074D2D01AE4E69E0092D962 /* AppDelegate.h */ = {isa = PBXFileReference; fileEncoding = 4; lastKnownFileType = sourcecode.c.h; path = AppDelegate.h; sourceTree = "<group>"; };
		F074D2D11AE4E69E0092D962 /* AppDelegate.m */ = {isa = PBXFileReference; fileEncoding = 4; lastKnownFileType = sourcecode.c.objc; path = AppDelegate.m; sourceTree = "<group>"; };
		F074D2D31AE4E69E0092D962 /* Base */ = {isa = PBXFileReference; lastKnownFileType = file.xib; name = Base; path = Base.lproj/LaunchScreen.xib; sourceTree = "<group>"; };
		F074D2D51AE4E69E0092D962 /* Base */ = {isa = PBXFileReference; lastKnownFileType = file.storyboard; name = Base; path = Base.lproj/Main.storyboard; sourceTree = "<group>"; };
		F074D2D61AE4E69E0092D962 /* Images.xcassets */ = {isa = PBXFileReference; lastKnownFileType = folder.assetcatalog; path = Images.xcassets; sourceTree = "<group>"; };
		F074D2D71AE4E69E0092D962 /* Info.plist */ = {isa = PBXFileReference; fileEncoding = 4; lastKnownFileType = text.plist.xml; path = Info.plist; sourceTree = "<group>"; };
		F074D2D81AE4E69E0092D962 /* main.m */ = {isa = PBXFileReference; fileEncoding = 4; lastKnownFileType = sourcecode.c.objc; path = main.m; sourceTree = "<group>"; };
		F074D2D91AE4E69E0092D962 /* ViewController.h */ = {isa = PBXFileReference; fileEncoding = 4; lastKnownFileType = sourcecode.c.h; path = ViewController.h; sourceTree = "<group>"; };
		F074D2DA1AE4E69E0092D962 /* ViewController.m */ = {isa = PBXFileReference; fileEncoding = 4; lastKnownFileType = sourcecode.c.objc; path = ViewController.m; sourceTree = "<group>"; };
		F0DB1ECA1AE5D1770079B81E /* Feedback.storyboard */ = {isa = PBXFileReference; fileEncoding = 4; lastKnownFileType = file.storyboard; path = Feedback.storyboard; sourceTree = "<group>"; };
		F0DB1ECE1AE5D2550079B81E /* ESFeedbackViewController.h */ = {isa = PBXFileReference; fileEncoding = 4; lastKnownFileType = sourcecode.c.h; path = ESFeedbackViewController.h; sourceTree = "<group>"; };
		F0DB1ECF1AE5D2550079B81E /* ESFeedbackViewController.m */ = {isa = PBXFileReference; fileEncoding = 4; lastKnownFileType = sourcecode.c.objc; path = ESFeedbackViewController.m; sourceTree = "<group>"; };
		F0DB1ED21AE5D46B0079B81E /* ESFeedbackPromptViewController.h */ = {isa = PBXFileReference; fileEncoding = 4; lastKnownFileType = sourcecode.c.h; path = ESFeedbackPromptViewController.h; sourceTree = "<group>"; };
		F0DB1ED31AE5D46B0079B81E /* ESFeedbackPromptViewController.m */ = {isa = PBXFileReference; fileEncoding = 4; lastKnownFileType = sourcecode.c.objc; path = ESFeedbackPromptViewController.m; sourceTree = "<group>"; };
		F0DB1ED61AE5D6900079B81E /* ESFeedbackNavigationController.h */ = {isa = PBXFileReference; fileEncoding = 4; lastKnownFileType = sourcecode.c.h; path = ESFeedbackNavigationController.h; sourceTree = "<group>"; };
		F0DB1ED71AE5D6900079B81E /* ESFeedbackNavigationController.m */ = {isa = PBXFileReference; fileEncoding = 4; lastKnownFileType = sourcecode.c.objc; path = ESFeedbackNavigationController.m; sourceTree = "<group>"; };
		F0DB1EDA1AE5D7EA0079B81E /* UIView+Blur.h */ = {isa = PBXFileReference; fileEncoding = 4; lastKnownFileType = sourcecode.c.h; path = "UIView+Blur.h"; sourceTree = "<group>"; };
		F0DB1EDB1AE5D7EA0079B81E /* UIView+Blur.m */ = {isa = PBXFileReference; fileEncoding = 4; lastKnownFileType = sourcecode.c.objc; path = "UIView+Blur.m"; sourceTree = "<group>"; };
		F0DB1EDF1AE5D82C0079B81E /* UIImageEffects.h */ = {isa = PBXFileReference; fileEncoding = 4; lastKnownFileType = sourcecode.c.h; path = UIImageEffects.h; sourceTree = "<group>"; };
		F0DB1EE01AE5D82C0079B81E /* UIImageEffects.m */ = {isa = PBXFileReference; fileEncoding = 4; lastKnownFileType = sourcecode.c.objc; path = UIImageEffects.m; sourceTree = "<group>"; };
		F0DB1EE21AE5D9B20079B81E /* ESFeedbackViewController+Navigation.h */ = {isa = PBXFileReference; fileEncoding = 4; lastKnownFileType = sourcecode.c.h; path = "ESFeedbackViewController+Navigation.h"; sourceTree = "<group>"; };
		F0DB1EE31AE5D9B20079B81E /* ESFeedbackViewController+Navigation.m */ = {isa = PBXFileReference; fileEncoding = 4; lastKnownFileType = sourcecode.c.objc; path = "ESFeedbackViewController+Navigation.m"; sourceTree = "<group>"; };
		F0DB1EE61AE5DB130079B81E /* ESFeedbackFinishViewController.h */ = {isa = PBXFileReference; fileEncoding = 4; lastKnownFileType = sourcecode.c.h; path = ESFeedbackFinishViewController.h; sourceTree = "<group>"; };
		F0DB1EE71AE5DB130079B81E /* ESFeedbackFinishViewController.m */ = {isa = PBXFileReference; fileEncoding = 4; lastKnownFileType = sourcecode.c.objc; path = ESFeedbackFinishViewController.m; sourceTree = "<group>"; };
		F0DB1EE91AE5DC2A0079B81E /* ESFeedbackViewController+Keyboard.h */ = {isa = PBXFileReference; fileEncoding = 4; lastKnownFileType = sourcecode.c.h; path = "ESFeedbackViewController+Keyboard.h"; sourceTree = "<group>"; };
		F0DB1EEA1AE5DC2A0079B81E /* ESFeedbackViewController+Keyboard.m */ = {isa = PBXFileReference; fileEncoding = 4; lastKnownFileType = sourcecode.c.objc; path = "ESFeedbackViewController+Keyboard.m"; sourceTree = "<group>"; };
		F0DB1EEC1AE5DD090079B81E /* UIColor+Hex.h */ = {isa = PBXFileReference; fileEncoding = 4; lastKnownFileType = sourcecode.c.h; path = "UIColor+Hex.h"; sourceTree = "<group>"; };
		F0DB1EED1AE5DD090079B81E /* UIColor+Hex.m */ = {isa = PBXFileReference; fileEncoding = 4; lastKnownFileType = sourcecode.c.objc; path = "UIColor+Hex.m"; sourceTree = "<group>"; };
		F0DB1EF01AE5DEF10079B81E /* ESFeedbackViewController-Prefix.pch */ = {isa = PBXFileReference; lastKnownFileType = sourcecode.c.h; path = "ESFeedbackViewController-Prefix.pch"; sourceTree = "<group>"; };
/* End PBXFileReference section */

/* Begin PBXFrameworksBuildPhase section */
		F074D2A11AE4E42D0092D962 /* Frameworks */ = {
			isa = PBXFrameworksBuildPhase;
			buildActionMask = 2147483647;
			files = (
			);
			runOnlyForDeploymentPostprocessing = 0;
		};
/* End PBXFrameworksBuildPhase section */

/* Begin PBXGroup section */
		F074D29B1AE4E42D0092D962 = {
			isa = PBXGroup;
			children = (
				F074D2CF1AE4E69E0092D962 /* Demo */,
				F0DB1EC81AE5D1770079B81E /* ESFeedbackViewController */,
				F074D2A51AE4E42D0092D962 /* Products */,
				F0DB1EEF1AE5DECA0079B81E /* Support */,
			);
			sourceTree = "<group>";
		};
		F074D2A51AE4E42D0092D962 /* Products */ = {
			isa = PBXGroup;
			children = (
				F074D2A41AE4E42D0092D962 /* ESFeedbackViewController.app */,
			);
			name = Products;
			sourceTree = "<group>";
		};
		F074D2CF1AE4E69E0092D962 /* Demo */ = {
			isa = PBXGroup;
			children = (
				F074D2D01AE4E69E0092D962 /* AppDelegate.h */,
				F074D2D11AE4E69E0092D962 /* AppDelegate.m */,
				F074D2D21AE4E69E0092D962 /* LaunchScreen.xib */,
				F074D2D41AE4E69E0092D962 /* Main.storyboard */,
				F074D2D61AE4E69E0092D962 /* Images.xcassets */,
				F074D2D71AE4E69E0092D962 /* Info.plist */,
				F074D2D81AE4E69E0092D962 /* main.m */,
				F074D2D91AE4E69E0092D962 /* ViewController.h */,
				F074D2DA1AE4E69E0092D962 /* ViewController.m */,
			);
			path = Demo;
			sourceTree = "<group>";
		};
		F0DB1EC81AE5D1770079B81E /* ESFeedbackViewController */ = {
			isa = PBXGroup;
			children = (
				F0DB1ECC1AE5D2550079B81E /* Controllers */,
				F0DB1EC91AE5D1770079B81E /* Storyboard */,
				F0DB1ED91AE5D7EA0079B81E /* Categories */,
				F0DB1EDD1AE5D82C0079B81E /* Helpers */,
			);
			path = ESFeedbackViewController;
			sourceTree = "<group>";
		};
		F0DB1EC91AE5D1770079B81E /* Storyboard */ = {
			isa = PBXGroup;
			children = (
				F0DB1ECA1AE5D1770079B81E /* Feedback.storyboard */,
			);
			path = Storyboard;
			sourceTree = "<group>";
		};
		F0DB1ECC1AE5D2550079B81E /* Controllers */ = {
			isa = PBXGroup;
			children = (
				F0DB1ECD1AE5D2550079B81E /* Main */,
				F0DB1ED51AE5D6900079B81E /* Navigation */,
				F0DB1ED11AE5D46B0079B81E /* Prompt */,
				F0DB1EE51AE5DB130079B81E /* Finish */,
			);
			path = Controllers;
			sourceTree = "<group>";
		};
		F0DB1ECD1AE5D2550079B81E /* Main */ = {
			isa = PBXGroup;
			children = (
				F0DB1ECE1AE5D2550079B81E /* ESFeedbackViewController.h */,
				F0DB1ECF1AE5D2550079B81E /* ESFeedbackViewController.m */,
				F0DB1EE21AE5D9B20079B81E /* ESFeedbackViewController+Navigation.h */,
				F0DB1EE31AE5D9B20079B81E /* ESFeedbackViewController+Navigation.m */,
				F0DB1EE91AE5DC2A0079B81E /* ESFeedbackViewController+Keyboard.h */,
				F0DB1EEA1AE5DC2A0079B81E /* ESFeedbackViewController+Keyboard.m */,
			);
			path = Main;
			sourceTree = "<group>";
		};
		F0DB1ED11AE5D46B0079B81E /* Prompt */ = {
			isa = PBXGroup;
			children = (
				F0DB1ED21AE5D46B0079B81E /* ESFeedbackPromptViewController.h */,
				F0DB1ED31AE5D46B0079B81E /* ESFeedbackPromptViewController.m */,
			);
			path = Prompt;
			sourceTree = "<group>";
		};
		F0DB1ED51AE5D6900079B81E /* Navigation */ = {
			isa = PBXGroup;
			children = (
				F0DB1ED61AE5D6900079B81E /* ESFeedbackNavigationController.h */,
				F0DB1ED71AE5D6900079B81E /* ESFeedbackNavigationController.m */,
			);
			path = Navigation;
			sourceTree = "<group>";
		};
		F0DB1ED91AE5D7EA0079B81E /* Categories */ = {
			isa = PBXGroup;
			children = (
				F0DB1EDA1AE5D7EA0079B81E /* UIView+Blur.h */,
				F0DB1EDB1AE5D7EA0079B81E /* UIView+Blur.m */,
				F0DB1EEC1AE5DD090079B81E /* UIColor+Hex.h */,
				F0DB1EED1AE5DD090079B81E /* UIColor+Hex.m */,
			);
			path = Categories;
			sourceTree = "<group>";
		};
		F0DB1EDD1AE5D82C0079B81E /* Helpers */ = {
			isa = PBXGroup;
			children = (
				F0DB1EDE1AE5D82C0079B81E /* UIImageEffects */,
			);
			path = Helpers;
			sourceTree = "<group>";
		};
		F0DB1EDE1AE5D82C0079B81E /* UIImageEffects */ = {
			isa = PBXGroup;
			children = (
				F0DB1EDF1AE5D82C0079B81E /* UIImageEffects.h */,
				F0DB1EE01AE5D82C0079B81E /* UIImageEffects.m */,
			);
			path = UIImageEffects;
			sourceTree = "<group>";
		};
		F0DB1EE51AE5DB130079B81E /* Finish */ = {
			isa = PBXGroup;
			children = (
				F0DB1EE61AE5DB130079B81E /* ESFeedbackFinishViewController.h */,
				F0DB1EE71AE5DB130079B81E /* ESFeedbackFinishViewController.m */,
			);
			path = Finish;
			sourceTree = "<group>";
		};
		F0DB1EEF1AE5DECA0079B81E /* Support */ = {
			isa = PBXGroup;
			children = (
				F0DB1EF01AE5DEF10079B81E /* ESFeedbackViewController-Prefix.pch */,
			);
			path = Support;
			sourceTree = "<group>";
		};
/* End PBXGroup section */

/* Begin PBXNativeTarget section */
		F074D2A31AE4E42D0092D962 /* ESFeedbackViewController */ = {
			isa = PBXNativeTarget;
			buildConfigurationList = F074D2C71AE4E42D0092D962 /* Build configuration list for PBXNativeTarget "ESFeedbackViewController" */;
			buildPhases = (
				F074D2A01AE4E42D0092D962 /* Sources */,
				F074D2A11AE4E42D0092D962 /* Frameworks */,
				F074D2A21AE4E42D0092D962 /* Resources */,
			);
			buildRules = (
			);
			dependencies = (
			);
			name = ESFeedbackViewController;
			productName = ESFeedbackViewController;
			productReference = F074D2A41AE4E42D0092D962 /* ESFeedbackViewController.app */;
			productType = "com.apple.product-type.application";
		};
/* End PBXNativeTarget section */

/* Begin PBXProject section */
		F074D29C1AE4E42D0092D962 /* Project object */ = {
			isa = PBXProject;
			attributes = {
				LastUpgradeCheck = 0630;
				ORGANIZATIONNAME = "Ezequiel Scaruli";
				TargetAttributes = {
					F074D2A31AE4E42D0092D962 = {
						CreatedOnToolsVersion = 6.3;
					};
				};
			};
			buildConfigurationList = F074D29F1AE4E42D0092D962 /* Build configuration list for PBXProject "ESFeedbackViewController" */;
			compatibilityVersion = "Xcode 3.2";
			developmentRegion = English;
			hasScannedForEncodings = 0;
			knownRegions = (
				en,
				Base,
			);
			mainGroup = F074D29B1AE4E42D0092D962;
			productRefGroup = F074D2A51AE4E42D0092D962 /* Products */;
			projectDirPath = "";
			projectRoot = "";
			targets = (
				F074D2A31AE4E42D0092D962 /* ESFeedbackViewController */,
			);
		};
/* End PBXProject section */

/* Begin PBXResourcesBuildPhase section */
		F074D2A21AE4E42D0092D962 /* Resources */ = {
			isa = PBXResourcesBuildPhase;
			buildActionMask = 2147483647;
			files = (
				F074D2DE1AE4E69E0092D962 /* Images.xcassets in Resources */,
				F074D2DC1AE4E69E0092D962 /* LaunchScreen.xib in Resources */,
				F074D2DD1AE4E69E0092D962 /* Main.storyboard in Resources */,
				F0DB1ECB1AE5D1770079B81E /* Feedback.storyboard in Resources */,
			);
			runOnlyForDeploymentPostprocessing = 0;
		};
/* End PBXResourcesBuildPhase section */

/* Begin PBXSourcesBuildPhase section */
		F074D2A01AE4E42D0092D962 /* Sources */ = {
			isa = PBXSourcesBuildPhase;
			buildActionMask = 2147483647;
			files = (
				F074D2E11AE4E69E0092D962 /* ViewController.m in Sources */,
				F0DB1EEE1AE5DD090079B81E /* UIColor+Hex.m in Sources */,
				F0DB1ED01AE5D2550079B81E /* ESFeedbackViewController.m in Sources */,
				F0DB1EE81AE5DB130079B81E /* ESFeedbackFinishViewController.m in Sources */,
				F074D2E01AE4E69E0092D962 /* main.m in Sources */,
				F074D2DB1AE4E69E0092D962 /* AppDelegate.m in Sources */,
				F0DB1EE11AE5D82C0079B81E /* UIImageEffects.m in Sources */,
				F0DB1EE41AE5D9B20079B81E /* ESFeedbackViewController+Navigation.m in Sources */,
				F0DB1ED81AE5D6900079B81E /* ESFeedbackNavigationController.m in Sources */,
				F0DB1ED41AE5D46B0079B81E /* ESFeedbackPromptViewController.m in Sources */,
				F0DB1EDC1AE5D7EA0079B81E /* UIView+Blur.m in Sources */,
				F0DB1EEB1AE5DC2A0079B81E /* ESFeedbackViewController+Keyboard.m in Sources */,
			);
			runOnlyForDeploymentPostprocessing = 0;
		};
/* End PBXSourcesBuildPhase section */

/* Begin PBXVariantGroup section */
		F074D2D21AE4E69E0092D962 /* LaunchScreen.xib */ = {
			isa = PBXVariantGroup;
			children = (
				F074D2D31AE4E69E0092D962 /* Base */,
			);
			name = LaunchScreen.xib;
			sourceTree = "<group>";
		};
		F074D2D41AE4E69E0092D962 /* Main.storyboard */ = {
			isa = PBXVariantGroup;
			children = (
				F074D2D51AE4E69E0092D962 /* Base */,
			);
			name = Main.storyboard;
			sourceTree = "<group>";
		};
/* End PBXVariantGroup section */

/* Begin XCBuildConfiguration section */
		F074D2C51AE4E42D0092D962 /* Debug */ = {
			isa = XCBuildConfiguration;
			buildSettings = {
				ALWAYS_SEARCH_USER_PATHS = NO;
				CLANG_CXX_LANGUAGE_STANDARD = "gnu++0x";
				CLANG_CXX_LIBRARY = "libc++";
				CLANG_ENABLE_MODULES = YES;
				CLANG_ENABLE_OBJC_ARC = YES;
				CLANG_WARN_BOOL_CONVERSION = YES;
				CLANG_WARN_CONSTANT_CONVERSION = YES;
				CLANG_WARN_DIRECT_OBJC_ISA_USAGE = YES_ERROR;
				CLANG_WARN_EMPTY_BODY = YES;
				CLANG_WARN_ENUM_CONVERSION = YES;
				CLANG_WARN_INT_CONVERSION = YES;
				CLANG_WARN_OBJC_ROOT_CLASS = YES_ERROR;
				CLANG_WARN_UNREACHABLE_CODE = YES;
				CLANG_WARN__DUPLICATE_METHOD_MATCH = YES;
				"CODE_SIGN_IDENTITY[sdk=iphoneos*]" = "iPhone Developer";
				COPY_PHASE_STRIP = NO;
				DEBUG_INFORMATION_FORMAT = "dwarf-with-dsym";
				ENABLE_STRICT_OBJC_MSGSEND = YES;
				GCC_C_LANGUAGE_STANDARD = gnu99;
				GCC_DYNAMIC_NO_PIC = NO;
				GCC_NO_COMMON_BLOCKS = YES;
				GCC_OPTIMIZATION_LEVEL = 0;
				GCC_PREPROCESSOR_DEFINITIONS = (
					"DEBUG=1",
					"$(inherited)",
				);
				GCC_SYMBOLS_PRIVATE_EXTERN = NO;
				GCC_WARN_64_TO_32_BIT_CONVERSION = YES;
				GCC_WARN_ABOUT_RETURN_TYPE = YES_ERROR;
				GCC_WARN_UNDECLARED_SELECTOR = YES;
				GCC_WARN_UNINITIALIZED_AUTOS = YES_AGGRESSIVE;
				GCC_WARN_UNUSED_FUNCTION = YES;
				GCC_WARN_UNUSED_VARIABLE = YES;
				IPHONEOS_DEPLOYMENT_TARGET = 8.3;
				MTL_ENABLE_DEBUG_INFO = YES;
				ONLY_ACTIVE_ARCH = YES;
				SDKROOT = iphoneos;
			};
			name = Debug;
		};
		F074D2C61AE4E42D0092D962 /* Release */ = {
			isa = XCBuildConfiguration;
			buildSettings = {
				ALWAYS_SEARCH_USER_PATHS = NO;
				CLANG_CXX_LANGUAGE_STANDARD = "gnu++0x";
				CLANG_CXX_LIBRARY = "libc++";
				CLANG_ENABLE_MODULES = YES;
				CLANG_ENABLE_OBJC_ARC = YES;
				CLANG_WARN_BOOL_CONVERSION = YES;
				CLANG_WARN_CONSTANT_CONVERSION = YES;
				CLANG_WARN_DIRECT_OBJC_ISA_USAGE = YES_ERROR;
				CLANG_WARN_EMPTY_BODY = YES;
				CLANG_WARN_ENUM_CONVERSION = YES;
				CLANG_WARN_INT_CONVERSION = YES;
				CLANG_WARN_OBJC_ROOT_CLASS = YES_ERROR;
				CLANG_WARN_UNREACHABLE_CODE = YES;
				CLANG_WARN__DUPLICATE_METHOD_MATCH = YES;
				"CODE_SIGN_IDENTITY[sdk=iphoneos*]" = "iPhone Developer";
				COPY_PHASE_STRIP = NO;
				DEBUG_INFORMATION_FORMAT = "dwarf-with-dsym";
				ENABLE_NS_ASSERTIONS = NO;
				ENABLE_STRICT_OBJC_MSGSEND = YES;
				GCC_C_LANGUAGE_STANDARD = gnu99;
				GCC_NO_COMMON_BLOCKS = YES;
				GCC_WARN_64_TO_32_BIT_CONVERSION = YES;
				GCC_WARN_ABOUT_RETURN_TYPE = YES_ERROR;
				GCC_WARN_UNDECLARED_SELECTOR = YES;
				GCC_WARN_UNINITIALIZED_AUTOS = YES_AGGRESSIVE;
				GCC_WARN_UNUSED_FUNCTION = YES;
				GCC_WARN_UNUSED_VARIABLE = YES;
				IPHONEOS_DEPLOYMENT_TARGET = 8.3;
				MTL_ENABLE_DEBUG_INFO = NO;
				SDKROOT = iphoneos;
				VALIDATE_PRODUCT = YES;
			};
			name = Release;
		};
		F074D2C81AE4E42D0092D962 /* Debug */ = {
			isa = XCBuildConfiguration;
			buildSettings = {
				ASSETCATALOG_COMPILER_APPICON_NAME = AppIcon;
				GCC_PREFIX_HEADER = "Support/ESFeedbackViewController-Prefix.pch";
				INFOPLIST_FILE = Demo/Info.plist;
				LD_RUNPATH_SEARCH_PATHS = "$(inherited) @executable_path/Frameworks";
				PRODUCT_NAME = "$(TARGET_NAME)";
			};
			name = Debug;
		};
		F074D2C91AE4E42D0092D962 /* Release */ = {
			isa = XCBuildConfiguration;
			buildSettings = {
				ASSETCATALOG_COMPILER_APPICON_NAME = AppIcon;
				GCC_PREFIX_HEADER = "Support/ESFeedbackViewController-Prefix.pch";
				INFOPLIST_FILE = Demo/Info.plist;
				LD_RUNPATH_SEARCH_PATHS = "$(inherited) @executable_path/Frameworks";
				PRODUCT_NAME = "$(TARGET_NAME)";
			};
			name = Release;
		};
/* End XCBuildConfiguration section */

/* Begin XCConfigurationList section */
		F074D29F1AE4E42D0092D962 /* Build configuration list for PBXProject "ESFeedbackViewController" */ = {
			isa = XCConfigurationList;
			buildConfigurations = (
				F074D2C51AE4E42D0092D962 /* Debug */,
				F074D2C61AE4E42D0092D962 /* Release */,
			);
			defaultConfigurationIsVisible = 0;
			defaultConfigurationName = Release;
		};
		F074D2C71AE4E42D0092D962 /* Build configuration list for PBXNativeTarget "ESFeedbackViewController" */ = {
			isa = XCConfigurationList;
			buildConfigurations = (
				F074D2C81AE4E42D0092D962 /* Debug */,
				F074D2C91AE4E42D0092D962 /* Release */,
			);
			defaultConfigurationIsVisible = 0;
			defaultConfigurationName = Release;
		};
/* End XCConfigurationList section */
	};
	rootObject = F074D29C1AE4E42D0092D962 /* Project object */;
}
